
Microsoft Visual Studio Solution File, Format Version 12.00
# Visual Studio Version 17
VisualStudioVersion = 17.5.002.0
MinimumVisualStudioVersion = 10.0.40219.1
Project("{2150E333-8FDC-42A3-9474-1A3956D46DE8}") = "app", "app", "{A1257956-11AA-470A-9359-B33869D19BBA}"
EndProject
Project("{9A19103F-16F7-4668-BE54-9A1E7A4F7556}") = "pilo-api", "app\pilo-api\pilo-api.csproj", "{05E66714-1527-4B3E-8D68-564A3D7FF0FF}"
EndProject
Global
	GlobalSection(SolutionConfigurationPlatforms) = preSolution
		Debug|Any CPU = Debug|Any CPU
		Release|Any CPU = Release|Any CPU
	EndGlobalSection
	GlobalSection(ProjectConfigurationPlatforms) = postSolution
		{05E66714-1527-4B3E-8D68-564A3D7FF0FF}.Debug|Any CPU.ActiveCfg = Debug|Any CPU
		{05E66714-1527-4B3E-8D68-564A3D7FF0FF}.Debug|Any CPU.Build.0 = Debug|Any CPU
		{05E66714-1527-4B3E-8D68-564A3D7FF0FF}.Release|Any CPU.ActiveCfg = Release|Any CPU
		{05E66714-1527-4B3E-8D68-564A3D7FF0FF}.Release|Any CPU.Build.0 = Release|Any CPU
	EndGlobalSection
	GlobalSection(SolutionProperties) = preSolution
		HideSolutionNode = FALSE
	EndGlobalSection
	GlobalSection(NestedProjects) = preSolution
		{05E66714-1527-4B3E-8D68-564A3D7FF0FF} = {A1257956-11AA-470A-9359-B33869D19BBA}
	EndGlobalSection
	GlobalSection(ExtensibilityGlobals) = postSolution
		SolutionGuid = {EEB3BC33-9884-46F3-AAA5-E3319F1EEAD1}
	EndGlobalSection
EndGlobal
